
Microsoft Visual Studio Solution File, Format Version 12.00
# Visual Studio Version 17
VisualStudioVersion = 17.3.32819.101
MinimumVisualStudioVersion = 10.0.40219.1
Project("{FAE04EC0-301F-11D3-BF4B-00C04F79EFBC}") = "SnakeProjekt", "SnakeProjekt.csproj", "{42210E12-BA8A-4E00-BF7E-2F51ABDA8660}"
EndProject
Global
	GlobalSection(SolutionConfigurationPlatforms) = preSolution
		Debug|Any CPU = Debug|Any CPU
		Release|Any CPU = Release|Any CPU
	EndGlobalSection
	GlobalSection(ProjectConfigurationPlatforms) = postSolution
		{42210E12-BA8A-4E00-BF7E-2F51ABDA8660}.Debug|Any CPU.ActiveCfg = Debug|Any CPU
		{42210E12-BA8A-4E00-BF7E-2F51ABDA8660}.Debug|Any CPU.Build.0 = Debug|Any CPU
		{42210E12-BA8A-4E00-BF7E-2F51ABDA8660}.Release|Any CPU.ActiveCfg = Release|Any CPU
		{42210E12-BA8A-4E00-BF7E-2F51ABDA8660}.Release|Any CPU.Build.0 = Release|Any CPU
	EndGlobalSection
	GlobalSection(SolutionProperties) = preSolution
		HideSolutionNode = FALSE
	EndGlobalSection
	GlobalSection(ExtensibilityGlobals) = postSolution
		SolutionGuid = {1A062FCC-2FB8-4DAA-9A68-E43C88462545}
	EndGlobalSection
EndGlobal
